
Microsoft Visual Studio Solution File, Format Version 12.00
# Visual Studio Version 17
VisualStudioVersion = 17.5.33516.290
MinimumVisualStudioVersion = 10.0.40219.1
Project("{FAE04EC0-301F-11D3-BF4B-00C04F79EFBC}") = "IMServer", "IMServer.csproj", "{9A5ABFC7-2026-4C90-BBC5-0A7F73A40AF5}"
	ProjectSection(ProjectDependencies) = postProject
		{1BEAC117-1899-4A2D-840F-848C37B1E062} = {1BEAC117-1899-4A2D-840F-848C37B1E062}
	EndProjectSection
EndProject
Project("{FAE04EC0-301F-11D3-BF4B-00C04F79EFBC}") = "IMClient", "..\IMClient\IMClient.csproj", "{729A428B-DECD-45CB-B931-47E39AC59D65}"
	ProjectSection(ProjectDependencies) = postProject
		{1BEAC117-1899-4A2D-840F-848C37B1E062} = {1BEAC117-1899-4A2D-840F-848C37B1E062}
	EndProjectSection
EndProject
Project("{FAE04EC0-301F-11D3-BF4B-00C04F79EFBC}") = "IMDll", "..\IMDll\IMDll.csproj", "{1BEAC117-1899-4A2D-840F-848C37B1E062}"
EndProject
Global
	GlobalSection(SolutionConfigurationPlatforms) = preSolution
		Debug|Any CPU = Debug|Any CPU
		Release|Any CPU = Release|Any CPU
	EndGlobalSection
	GlobalSection(ProjectConfigurationPlatforms) = postSolution
		{9A5ABFC7-2026-4C90-BBC5-0A7F73A40AF5}.Debug|Any CPU.ActiveCfg = Debug|Any CPU
		{9A5ABFC7-2026-4C90-BBC5-0A7F73A40AF5}.Debug|Any CPU.Build.0 = Debug|Any CPU
		{9A5ABFC7-2026-4C90-BBC5-0A7F73A40AF5}.Release|Any CPU.ActiveCfg = Release|Any CPU
		{9A5ABFC7-2026-4C90-BBC5-0A7F73A40AF5}.Release|Any CPU.Build.0 = Release|Any CPU
		{729A428B-DECD-45CB-B931-47E39AC59D65}.Debug|Any CPU.ActiveCfg = Debug|Any CPU
		{729A428B-DECD-45CB-B931-47E39AC59D65}.Debug|Any CPU.Build.0 = Debug|Any CPU
		{729A428B-DECD-45CB-B931-47E39AC59D65}.Release|Any CPU.ActiveCfg = Release|Any CPU
		{729A428B-DECD-45CB-B931-47E39AC59D65}.Release|Any CPU.Build.0 = Release|Any CPU
		{1BEAC117-1899-4A2D-840F-848C37B1E062}.Debug|Any CPU.ActiveCfg = Debug|Any CPU
		{1BEAC117-1899-4A2D-840F-848C37B1E062}.Debug|Any CPU.Build.0 = Debug|Any CPU
		{1BEAC117-1899-4A2D-840F-848C37B1E062}.Release|Any CPU.ActiveCfg = Release|Any CPU
		{1BEAC117-1899-4A2D-840F-848C37B1E062}.Release|Any CPU.Build.0 = Release|Any CPU
	EndGlobalSection
	GlobalSection(SolutionProperties) = preSolution
		HideSolutionNode = FALSE
	EndGlobalSection
	GlobalSection(ExtensibilityGlobals) = postSolution
		SolutionGuid = {093E97C4-6FD6-4948-A536-FB76FD59442D}
	EndGlobalSection
EndGlobal
