
Microsoft Visual Studio Solution File, Format Version 12.00
# Visual Studio Version 17
VisualStudioVersion = 17.5.33516.290
MinimumVisualStudioVersion = 10.0.40219.1
Project("{FAE04EC0-301F-11D3-BF4B-00C04F79EFBC}") = "IMClient", "IMClient.csproj", "{729A428B-DECD-45CB-B931-47E39AC59D65}"
EndProject
Global
	GlobalSection(SolutionConfigurationPlatforms) = preSolution
		Debug|Any CPU = Debug|Any CPU
		Release|Any CPU = Release|Any CPU
	EndGlobalSection
	GlobalSection(ProjectConfigurationPlatforms) = postSolution
		{729A428B-DECD-45CB-B931-47E39AC59D65}.Debug|Any CPU.ActiveCfg = Debug|Any CPU
		{729A428B-DECD-45CB-B931-47E39AC59D65}.Debug|Any CPU.Build.0 = Debug|Any CPU
		{729A428B-DECD-45CB-B931-47E39AC59D65}.Release|Any CPU.ActiveCfg = Release|Any CPU
		{729A428B-DECD-45CB-B931-47E39AC59D65}.Release|Any CPU.Build.0 = Release|Any CPU
	EndGlobalSection
	GlobalSection(SolutionProperties) = preSolution
		HideSolutionNode = FALSE
	EndGlobalSection
	GlobalSection(ExtensibilityGlobals) = postSolution
		SolutionGuid = {FBE7A8A2-4672-43F6-85A8-15BB9C03E23D}
	EndGlobalSection
EndGlobal
